
Microsoft Visual Studio Solution File, Format Version 12.00
# Visual Studio Version 17
VisualStudioVersion = 17.0.32126.317
MinimumVisualStudioVersion = 10.0.40219.1
Project("{FAE04EC0-301F-11D3-BF4B-00C04F79EFBC}") = "CodeTest1", "CodeTest\CodeTest1.csproj", "{455E46F7-BB1D-4B23-8854-AB6149676A6C}"
EndProject
Project("{FAE04EC0-301F-11D3-BF4B-00C04F79EFBC}") = "CodeTest2", "CodeTest2\CodeTest2.csproj", "{D392E9CC-551A-40C4-97DB-FA8949331ADF}"
EndProject
Project("{FAE04EC0-301F-11D3-BF4B-00C04F79EFBC}") = "CommonLibrary", "CommonLibrary\CommonLibrary.csproj", "{80B0D3FC-6506-4DCA-B499-14AFAF95E147}"
EndProject
Global
	GlobalSection(SolutionConfigurationPlatforms) = preSolution
		Debug|Any CPU = Debug|Any CPU
		Release|Any CPU = Release|Any CPU
	EndGlobalSection
	GlobalSection(ProjectConfigurationPlatforms) = postSolution
		{455E46F7-BB1D-4B23-8854-AB6149676A6C}.Debug|Any CPU.ActiveCfg = Debug|Any CPU
		{455E46F7-BB1D-4B23-8854-AB6149676A6C}.Debug|Any CPU.Build.0 = Debug|Any CPU
		{455E46F7-BB1D-4B23-8854-AB6149676A6C}.Release|Any CPU.ActiveCfg = Release|Any CPU
		{455E46F7-BB1D-4B23-8854-AB6149676A6C}.Release|Any CPU.Build.0 = Release|Any CPU
		{D392E9CC-551A-40C4-97DB-FA8949331ADF}.Debug|Any CPU.ActiveCfg = Debug|Any CPU
		{D392E9CC-551A-40C4-97DB-FA8949331ADF}.Debug|Any CPU.Build.0 = Debug|Any CPU
		{D392E9CC-551A-40C4-97DB-FA8949331ADF}.Release|Any CPU.ActiveCfg = Release|Any CPU
		{D392E9CC-551A-40C4-97DB-FA8949331ADF}.Release|Any CPU.Build.0 = Release|Any CPU
		{80B0D3FC-6506-4DCA-B499-14AFAF95E147}.Debug|Any CPU.ActiveCfg = Debug|Any CPU
		{80B0D3FC-6506-4DCA-B499-14AFAF95E147}.Debug|Any CPU.Build.0 = Debug|Any CPU
		{80B0D3FC-6506-4DCA-B499-14AFAF95E147}.Release|Any CPU.ActiveCfg = Release|Any CPU
		{80B0D3FC-6506-4DCA-B499-14AFAF95E147}.Release|Any CPU.Build.0 = Release|Any CPU
	EndGlobalSection
	GlobalSection(SolutionProperties) = preSolution
		HideSolutionNode = FALSE
	EndGlobalSection
	GlobalSection(ExtensibilityGlobals) = postSolution
		SolutionGuid = {39546DC2-E1BA-42A2-9904-A1662E822DF1}
	EndGlobalSection
EndGlobal
